
Microsoft Visual Studio Solution File, Format Version 12.00
Project("{FAE04EC0-301F-11D3-BF4B-00C04F79EFBC}") = "WPFArena", "WPFArena\WPFArena.csproj", "{7FEB2AB6-6F6A-4042-B1D1-2849ACEF503E}"
EndProject
Project("{2150E333-8FDC-42A3-9474-1A3956D46DE8}") = "ApplicationAndWindows", "ApplicationAndWindows", "{9DD7A5B5-FD20-4891-B20A-B43F445FC86B}"
EndProject
Project("{FAE04EC0-301F-11D3-BF4B-00C04F79EFBC}") = "NewWindows", "NewWindows\NewWindows.csproj", "{DD970496-EC9E-4AD2-8DA4-520F5DC38EF5}"
EndProject
Project("{FAE04EC0-301F-11D3-BF4B-00C04F79EFBC}") = "DialogBoxDemo", "DialogBoxDemo\DialogBoxDemo.csproj", "{598FDF4E-875A-43AC-91D4-AB2536AFCC73}"
EndProject
Project("{FAE04EC0-301F-11D3-BF4B-00C04F79EFBC}") = "CommonDialogs", "CommonDialogs\CommonDialogs.csproj", "{854453D1-B27B-4E77-B15A-C786C986AB8E}"
EndProject
Project("{FAE04EC0-301F-11D3-BF4B-00C04F79EFBC}") = "OwnerWindow", "OwnerWindow\OwnerWindow.csproj", "{436E3FEB-B4DB-49BE-A5EF-872FA71B7CDF}"
EndProject
Project("{FAE04EC0-301F-11D3-BF4B-00C04F79EFBC}") = "SingleInstanceApp", "SingleInstanceApp\SingleInstanceApp.csproj", "{778AAB6D-B164-4697-B5CE-46E2BB57C0FE}"
EndProject
Global
	GlobalSection(SolutionConfigurationPlatforms) = preSolution
		Debug|Any CPU = Debug|Any CPU
		Release|Any CPU = Release|Any CPU
	EndGlobalSection
	GlobalSection(ProjectConfigurationPlatforms) = postSolution
		{7FEB2AB6-6F6A-4042-B1D1-2849ACEF503E}.Debug|Any CPU.ActiveCfg = Debug|Any CPU
		{7FEB2AB6-6F6A-4042-B1D1-2849ACEF503E}.Debug|Any CPU.Build.0 = Debug|Any CPU
		{7FEB2AB6-6F6A-4042-B1D1-2849ACEF503E}.Release|Any CPU.ActiveCfg = Release|Any CPU
		{7FEB2AB6-6F6A-4042-B1D1-2849ACEF503E}.Release|Any CPU.Build.0 = Release|Any CPU
		{DD970496-EC9E-4AD2-8DA4-520F5DC38EF5}.Debug|Any CPU.ActiveCfg = Debug|Any CPU
		{DD970496-EC9E-4AD2-8DA4-520F5DC38EF5}.Debug|Any CPU.Build.0 = Debug|Any CPU
		{DD970496-EC9E-4AD2-8DA4-520F5DC38EF5}.Release|Any CPU.ActiveCfg = Release|Any CPU
		{DD970496-EC9E-4AD2-8DA4-520F5DC38EF5}.Release|Any CPU.Build.0 = Release|Any CPU
		{598FDF4E-875A-43AC-91D4-AB2536AFCC73}.Debug|Any CPU.ActiveCfg = Debug|Any CPU
		{598FDF4E-875A-43AC-91D4-AB2536AFCC73}.Debug|Any CPU.Build.0 = Debug|Any CPU
		{598FDF4E-875A-43AC-91D4-AB2536AFCC73}.Release|Any CPU.ActiveCfg = Release|Any CPU
		{598FDF4E-875A-43AC-91D4-AB2536AFCC73}.Release|Any CPU.Build.0 = Release|Any CPU
		{854453D1-B27B-4E77-B15A-C786C986AB8E}.Debug|Any CPU.ActiveCfg = Debug|Any CPU
		{854453D1-B27B-4E77-B15A-C786C986AB8E}.Debug|Any CPU.Build.0 = Debug|Any CPU
		{854453D1-B27B-4E77-B15A-C786C986AB8E}.Release|Any CPU.ActiveCfg = Release|Any CPU
		{854453D1-B27B-4E77-B15A-C786C986AB8E}.Release|Any CPU.Build.0 = Release|Any CPU
		{436E3FEB-B4DB-49BE-A5EF-872FA71B7CDF}.Debug|Any CPU.ActiveCfg = Debug|Any CPU
		{436E3FEB-B4DB-49BE-A5EF-872FA71B7CDF}.Debug|Any CPU.Build.0 = Debug|Any CPU
		{436E3FEB-B4DB-49BE-A5EF-872FA71B7CDF}.Release|Any CPU.ActiveCfg = Release|Any CPU
		{436E3FEB-B4DB-49BE-A5EF-872FA71B7CDF}.Release|Any CPU.Build.0 = Release|Any CPU
		{778AAB6D-B164-4697-B5CE-46E2BB57C0FE}.Debug|Any CPU.ActiveCfg = Debug|Any CPU
		{778AAB6D-B164-4697-B5CE-46E2BB57C0FE}.Debug|Any CPU.Build.0 = Debug|Any CPU
		{778AAB6D-B164-4697-B5CE-46E2BB57C0FE}.Release|Any CPU.ActiveCfg = Release|Any CPU
		{778AAB6D-B164-4697-B5CE-46E2BB57C0FE}.Release|Any CPU.Build.0 = Release|Any CPU
	EndGlobalSection
	GlobalSection(NestedProjects) = preSolution
		{DD970496-EC9E-4AD2-8DA4-520F5DC38EF5} = {9DD7A5B5-FD20-4891-B20A-B43F445FC86B}
		{598FDF4E-875A-43AC-91D4-AB2536AFCC73} = {9DD7A5B5-FD20-4891-B20A-B43F445FC86B}
		{854453D1-B27B-4E77-B15A-C786C986AB8E} = {9DD7A5B5-FD20-4891-B20A-B43F445FC86B}
		{436E3FEB-B4DB-49BE-A5EF-872FA71B7CDF} = {9DD7A5B5-FD20-4891-B20A-B43F445FC86B}
		{778AAB6D-B164-4697-B5CE-46E2BB57C0FE} = {9DD7A5B5-FD20-4891-B20A-B43F445FC86B}
	EndGlobalSection
EndGlobal
